{
  "originHash" : "5b1d572a4333eb8e5219940f233321b20c7708f47a78fe1f65799f0896fad149",
  "pins" : [
    {
      "identity" : "viewinspector",
      "kind" : "remoteSourceControl",
      "location" : "https://github.com/nalexn/ViewInspector",
      "state" : {
        "branch" : "0.10.4",
        "revision" : "09f0adb36a41f3df1ce14aad55a3a142b17c9e80"
      }
    }
  ],
  "version" : 3
}
