{
  "originHash" : "fe2bbbeed12fb2a8de8c982aa50bee6a1a2488e9173aeb1c97eba1222372553a",
  "pins" : [
    {
      "identity" : "viewinspector",
      "kind" : "remoteSourceControl",
      "location" : "https://github.com/nalexn/ViewInspector",
      "state" : {
        "revision" : "2dacb6e514be19379c605a5a11564d0f3fea89d9",
        "version" : "0.10.5"
      }
    }
  ],
  "version" : 3
}
