{
  "originHash" : "105e607a31af37cbc6aa8a919d3a1995fc6847f90deefdfb6a8dfe318ad1b53f",
  "pins" : [
    {
      "identity" : "viewinspector",
      "kind" : "remoteSourceControl",
      "location" : "https://github.com/schatt/ViewInspector",
      "state" : {
        "revision" : "f110d97d84f7a3a2fe89b897d63c814c538f695e",
        "version" : "0.10.4"
      }
    }
  ],
  "version" : 3
}
