{
  "originHash" : "7abf1dd76d62709d50ab97ba7b5907de6a95cbc813d2bf154db0688b92d85914",
  "pins" : [
    {
      "identity" : "viewinspector",
      "kind" : "remoteSourceControl",
      "location" : "https://github.com/schatt/ViewInspector",
      "state" : {
        "revision" : "f110d97d84f7a3a2fe89b897d63c814c538f695e",
        "version" : "0.10.4"
      }
    }
  ],
  "version" : 3
}
