{
  "originHash" : "7abf1dd76d62709d50ab97ba7b5907de6a95cbc813d2bf154db0688b92d85914",
  "pins" : [
    {
      "identity" : "viewinspector",
      "kind" : "remoteSourceControl",
      "location" : "https://github.com/nalexn/ViewInspector",
      "state" : {
        "branch" : "0.10.4",
        "revision" : "6be008f348a757e7c0c6901c2dde983e5bba069f"
      }
    }
  ],
  "version" : 3
}
