<?xml version="1.0" encoding="UTF-8"?>
<Scheme
   LastUpgradeVersion = "1610"
   version = "1.7">
   <BuildAction
      parallelizeBuildables = "YES"
      buildImplicitDependencies = "YES"
      runPostActionsOnFailure = "NO">
      <BuildActionEntries>
         <BuildActionEntry
            buildForTesting = "YES"
            buildForRunning = "YES"
            buildForProfiling = "YES"
            buildForArchiving = "YES"
            buildForAnalyzing = "YES">
            <BuildableReference
               BuildableIdentifier = "primary"
               BlueprintIdentifier = "AB21586E5B6F5E26D37757AE"
               BuildableName = "SixLayerFramework.framework"
               BlueprintName = "SixLayerFramework_tvOS"
               ReferencedContainer = "container:SixLayerFramework.xcodeproj">
            </BuildableReference>
         </BuildActionEntry>
      </BuildActionEntries>
   </BuildAction>
   <TestAction
      buildConfiguration = "Debug"
      selectedDebuggerIdentifier = "Xcode.DebuggerFoundation.Debugger.LLDB"
      selectedLauncherIdentifier = "Xcode.DebuggerFoundation.Launcher.LLDB"
      shouldUseLaunchSchemeArgsEnv = "YES"
      onlyGenerateCoverageForSpecifiedTargets = "NO">
      <MacroExpansion>
         <BuildableReference
            BuildableIdentifier = "primary"
            BlueprintIdentifier = "AB21586E5B6F5E26D37757AE"
            BuildableName = "SixLayerFramework.framework"
            BlueprintName = "SixLayerFramework_tvOS"
            ReferencedContainer = "container:SixLayerFramework.xcodeproj">
         </BuildableReference>
      </MacroExpansion>
      <Testables>
         <TestableReference
            skipped = "NO"
            parallelizable = "NO">
            <BuildableReference
               BuildableIdentifier = "primary"
               BlueprintIdentifier = "137ACC122FFC347C79FD3EAC"
               BuildableName = "SixLayerFrameworkUnitTests_tvOS.xctest"
               BlueprintName = "SixLayerFrameworkUnitTests_tvOS"
               ReferencedContainer = "container:SixLayerFramework.xcodeproj">
            </BuildableReference>
         </TestableReference>
         <TestableReference
            skipped = "NO"
            parallelizable = "NO">
            <BuildableReference
               BuildableIdentifier = "primary"
               BlueprintIdentifier = "50BAB6F11ADB2178C59641F9"
               BuildableName = "SixLayerFrameworkRealUITests_tvOS.xctest"
               BlueprintName = "SixLayerFrameworkRealUITests_tvOS"
               ReferencedContainer = "container:SixLayerFramework.xcodeproj">
            </BuildableReference>
         </TestableReference>
         <TestableReference
            skipped = "NO"
            parallelizable = "NO">
            <BuildableReference
               BuildableIdentifier = "primary"
               BlueprintIdentifier = "FE2D3D438B9D5E433A37967D"
               BuildableName = "SixLayerFrameworkExternalIntegrationTests_tvOS.xctest"
               BlueprintName = "SixLayerFrameworkExternalIntegrationTests_tvOS"
               ReferencedContainer = "container:SixLayerFramework.xcodeproj">
            </BuildableReference>
         </TestableReference>
      </Testables>
      <CommandLineArguments>
      </CommandLineArguments>
   </TestAction>
   <LaunchAction
      buildConfiguration = "Debug"
      selectedDebuggerIdentifier = "Xcode.DebuggerFoundation.Debugger.LLDB"
      selectedLauncherIdentifier = "Xcode.DebuggerFoundation.Launcher.LLDB"
      launchStyle = "0"
      useCustomWorkingDirectory = "NO"
      ignoresPersistentStateOnLaunch = "NO"
      debugDocumentVersioning = "YES"
      debugServiceExtension = "internal"
      allowLocationSimulation = "YES">
      <MacroExpansion>
         <BuildableReference
            BuildableIdentifier = "primary"
            BlueprintIdentifier = "AB21586E5B6F5E26D37757AE"
            BuildableName = "SixLayerFramework.framework"
            BlueprintName = "SixLayerFramework_tvOS"
            ReferencedContainer = "container:SixLayerFramework.xcodeproj">
         </BuildableReference>
      </MacroExpansion>
   </LaunchAction>
   <ProfileAction
      buildConfiguration = "Release"
      shouldUseLaunchSchemeArgsEnv = "YES"
      savedToolIdentifier = ""
      useCustomWorkingDirectory = "NO"
      debugDocumentVersioning = "YES">
      <MacroExpansion>
         <BuildableReference
            BuildableIdentifier = "primary"
            BlueprintIdentifier = "AB21586E5B6F5E26D37757AE"
            BuildableName = "SixLayerFramework.framework"
            BlueprintName = "SixLayerFramework_tvOS"
            ReferencedContainer = "container:SixLayerFramework.xcodeproj">
         </BuildableReference>
      </MacroExpansion>
   </ProfileAction>
   <AnalyzeAction
      buildConfiguration = "Debug">
   </AnalyzeAction>
   <ArchiveAction
      buildConfiguration = "Release"
      revealArchiveInOrganizer = "YES">
   </ArchiveAction>
</Scheme>
