<?xml version="1.0" encoding="UTF-8"?>
<Scheme
   LastUpgradeVersion = "1610"
   version = "1.7">
   <BuildAction
      parallelizeBuildables = "YES"
      buildImplicitDependencies = "YES"
      runPostActionsOnFailure = "NO">
      <BuildActionEntries>
         <BuildActionEntry
            buildForTesting = "YES"
            buildForRunning = "YES"
            buildForProfiling = "YES"
            buildForArchiving = "YES"
            buildForAnalyzing = "YES">
            <BuildableReference
               BuildableIdentifier = "primary"
               BlueprintIdentifier = "70F3E0477C5FD3EF1FBC7352"
               BuildableName = "SixLayerFramework.framework"
               BlueprintName = "SixLayerFramework_watchOS"
               ReferencedContainer = "container:SixLayerFramework.xcodeproj">
            </BuildableReference>
         </BuildActionEntry>
      </BuildActionEntries>
   </BuildAction>
   <TestAction
      buildConfiguration = "Debug"
      selectedDebuggerIdentifier = "Xcode.DebuggerFoundation.Debugger.LLDB"
      selectedLauncherIdentifier = "Xcode.DebuggerFoundation.Launcher.LLDB"
      shouldUseLaunchSchemeArgsEnv = "YES"
      onlyGenerateCoverageForSpecifiedTargets = "NO">
      <MacroExpansion>
         <BuildableReference
            BuildableIdentifier = "primary"
            BlueprintIdentifier = "70F3E0477C5FD3EF1FBC7352"
            BuildableName = "SixLayerFramework.framework"
            BlueprintName = "SixLayerFramework_watchOS"
            ReferencedContainer = "container:SixLayerFramework.xcodeproj">
         </BuildableReference>
      </MacroExpansion>
      <Testables>
         <TestableReference
            skipped = "NO"
            parallelizable = "NO">
            <BuildableReference
               BuildableIdentifier = "primary"
               BlueprintIdentifier = "45DA6782648DC7699205940C"
               BuildableName = "SixLayerFrameworkUnitTests_watchOS.xctest"
               BlueprintName = "SixLayerFrameworkUnitTests_watchOS"
               ReferencedContainer = "container:SixLayerFramework.xcodeproj">
            </BuildableReference>
         </TestableReference>
         <TestableReference
            skipped = "NO"
            parallelizable = "NO">
            <BuildableReference
               BuildableIdentifier = "primary"
               BlueprintIdentifier = "B51461AFDB41C8E481834336"
               BuildableName = "SixLayerFrameworkRealUITests_watchOS.xctest"
               BlueprintName = "SixLayerFrameworkRealUITests_watchOS"
               ReferencedContainer = "container:SixLayerFramework.xcodeproj">
            </BuildableReference>
         </TestableReference>
         <TestableReference
            skipped = "NO"
            parallelizable = "NO">
            <BuildableReference
               BuildableIdentifier = "primary"
               BlueprintIdentifier = "B66C6368DD6DB3EFA18474C3"
               BuildableName = "SixLayerFrameworkExternalIntegrationTests_watchOS.xctest"
               BlueprintName = "SixLayerFrameworkExternalIntegrationTests_watchOS"
               ReferencedContainer = "container:SixLayerFramework.xcodeproj">
            </BuildableReference>
         </TestableReference>
      </Testables>
      <CommandLineArguments>
      </CommandLineArguments>
   </TestAction>
   <LaunchAction
      buildConfiguration = "Debug"
      selectedDebuggerIdentifier = "Xcode.DebuggerFoundation.Debugger.LLDB"
      selectedLauncherIdentifier = "Xcode.DebuggerFoundation.Launcher.LLDB"
      launchStyle = "0"
      useCustomWorkingDirectory = "NO"
      ignoresPersistentStateOnLaunch = "NO"
      debugDocumentVersioning = "YES"
      debugServiceExtension = "internal"
      allowLocationSimulation = "YES">
      <MacroExpansion>
         <BuildableReference
            BuildableIdentifier = "primary"
            BlueprintIdentifier = "70F3E0477C5FD3EF1FBC7352"
            BuildableName = "SixLayerFramework.framework"
            BlueprintName = "SixLayerFramework_watchOS"
            ReferencedContainer = "container:SixLayerFramework.xcodeproj">
         </BuildableReference>
      </MacroExpansion>
   </LaunchAction>
   <ProfileAction
      buildConfiguration = "Release"
      shouldUseLaunchSchemeArgsEnv = "YES"
      savedToolIdentifier = ""
      useCustomWorkingDirectory = "NO"
      debugDocumentVersioning = "YES">
      <MacroExpansion>
         <BuildableReference
            BuildableIdentifier = "primary"
            BlueprintIdentifier = "70F3E0477C5FD3EF1FBC7352"
            BuildableName = "SixLayerFramework.framework"
            BlueprintName = "SixLayerFramework_watchOS"
            ReferencedContainer = "container:SixLayerFramework.xcodeproj">
         </BuildableReference>
      </MacroExpansion>
   </ProfileAction>
   <AnalyzeAction
      buildConfiguration = "Debug">
   </AnalyzeAction>
   <ArchiveAction
      buildConfiguration = "Release"
      revealArchiveInOrganizer = "YES">
   </ArchiveAction>
</Scheme>
